{
  "requires": true,
  "lockfileVersion": 1,
  "dependencies": {
    "aframe-environment-component": {
      "version": "2.0.0",
      "resolved": "https://registry.npmjs.org/aframe-environment-component/-/aframe-environment-component-2.0.0.tgz",
      "integrity": "sha512-Z1Qyefbp0tPK+CM4CoUU0X66IRdYsfHlvA8qVQkbRUCjd8W9CsSRkXKRMhDZl2tfGZOvfvdYgcqV3YLTkbW75Q=="
    }
  }
}
